
Microsoft Visual Studio Solution File, Format Version 12.00
# Visual Studio Version 16
VisualStudioVersion = 16.0.31313.79
MinimumVisualStudioVersion = 10.0.40219.1
Project("{FAE04EC0-301F-11D3-BF4B-00C04F79EFBC}") = "AIS.API", "AIS.API\AIS.API.csproj", "{C95B80C8-F3B2-4583-8A05-08802FC75F63}"
EndProject
Project("{FAE04EC0-301F-11D3-BF4B-00C04F79EFBC}") = "AIS.BLL", "AIS.BLL\AIS.BLL.csproj", "{40F1724D-0F1E-43E7-9918-2035CEA205BB}"
EndProject
Project("{FAE04EC0-301F-11D3-BF4B-00C04F79EFBC}") = "AIS.DAL", "AIS.DAL\AIS.DAL.csproj", "{BF743BAD-196C-46EE-82BF-76985A8A8ED4}"
EndProject
Project("{2150E333-8FDC-42A3-9474-1A3956D46DE8}") = "Tests", "Tests", "{31F109CC-B463-450F-8801-DC758B2328F8}"
EndProject
Project("{FAE04EC0-301F-11D3-BF4B-00C04F79EFBC}") = "AIS.BLL.Tests", "AIS.BLL.Tests\AIS.BLL.Tests.csproj", "{CC3D041B-872F-4BFB-B5B2-BFECAE422520}"
EndProject
Global
	GlobalSection(SolutionConfigurationPlatforms) = preSolution
		Debug|Any CPU = Debug|Any CPU
		Release|Any CPU = Release|Any CPU
	EndGlobalSection
	GlobalSection(ProjectConfigurationPlatforms) = postSolution
		{C95B80C8-F3B2-4583-8A05-08802FC75F63}.Debug|Any CPU.ActiveCfg = Debug|Any CPU
		{C95B80C8-F3B2-4583-8A05-08802FC75F63}.Debug|Any CPU.Build.0 = Debug|Any CPU
		{C95B80C8-F3B2-4583-8A05-08802FC75F63}.Release|Any CPU.ActiveCfg = Release|Any CPU
		{C95B80C8-F3B2-4583-8A05-08802FC75F63}.Release|Any CPU.Build.0 = Release|Any CPU
		{40F1724D-0F1E-43E7-9918-2035CEA205BB}.Debug|Any CPU.ActiveCfg = Debug|Any CPU
		{40F1724D-0F1E-43E7-9918-2035CEA205BB}.Debug|Any CPU.Build.0 = Debug|Any CPU
		{40F1724D-0F1E-43E7-9918-2035CEA205BB}.Release|Any CPU.ActiveCfg = Release|Any CPU
		{40F1724D-0F1E-43E7-9918-2035CEA205BB}.Release|Any CPU.Build.0 = Release|Any CPU
		{BF743BAD-196C-46EE-82BF-76985A8A8ED4}.Debug|Any CPU.ActiveCfg = Debug|Any CPU
		{BF743BAD-196C-46EE-82BF-76985A8A8ED4}.Debug|Any CPU.Build.0 = Debug|Any CPU
		{BF743BAD-196C-46EE-82BF-76985A8A8ED4}.Release|Any CPU.ActiveCfg = Release|Any CPU
		{BF743BAD-196C-46EE-82BF-76985A8A8ED4}.Release|Any CPU.Build.0 = Release|Any CPU
		{CC3D041B-872F-4BFB-B5B2-BFECAE422520}.Debug|Any CPU.ActiveCfg = Debug|Any CPU
		{CC3D041B-872F-4BFB-B5B2-BFECAE422520}.Debug|Any CPU.Build.0 = Debug|Any CPU
		{CC3D041B-872F-4BFB-B5B2-BFECAE422520}.Release|Any CPU.ActiveCfg = Release|Any CPU
		{CC3D041B-872F-4BFB-B5B2-BFECAE422520}.Release|Any CPU.Build.0 = Release|Any CPU
	EndGlobalSection
	GlobalSection(SolutionProperties) = preSolution
		HideSolutionNode = FALSE
	EndGlobalSection
	GlobalSection(NestedProjects) = preSolution
		{CC3D041B-872F-4BFB-B5B2-BFECAE422520} = {31F109CC-B463-450F-8801-DC758B2328F8}
	EndGlobalSection
	GlobalSection(ExtensibilityGlobals) = postSolution
		SolutionGuid = {9C77074E-D9DC-43E1-8896-CB90A4EFC3F5}
	EndGlobalSection
EndGlobal
